// !$*UTF8*$!
{
	archiveVersion = 1;
	classes = {
	};
	objectVersion = 55;
	objects = {

/* Begin PBXBuildFile section */
		D35CD8662838D8800099C858 /* AppDelegate.swift in Sources */ = {isa = PBXBuildFile; fileRef = D35CD8652838D8800099C858 /* AppDelegate.swift */; };
		D35CD8682838D8800099C858 /* SceneDelegate.swift in Sources */ = {isa = PBXBuildFile; fileRef = D35CD8672838D8800099C858 /* SceneDelegate.swift */; };
		D35CD86A2838D8800099C858 /* ViewController.swift in Sources */ = {isa = PBXBuildFile; fileRef = D35CD8692838D8800099C858 /* ViewController.swift */; };
		D35CD86D2838D8800099C858 /* Main.storyboard in Resources */ = {isa = PBXBuildFile; fileRef = D35CD86B2838D8800099C858 /* Main.storyboard */; };
		D35CD86F2838D8830099C858 /* Assets.xcassets in Resources */ = {isa = PBXBuildFile; fileRef = D35CD86E2838D8830099C858 /* Assets.xcassets */; };
		D35CD8722838D8830099C858 /* LaunchScreen.storyboard in Resources */ = {isa = PBXBuildFile; fileRef = D35CD8702838D8830099C858 /* LaunchScreen.storyboard */; };
		F38F0EFA1F75C4B5B72F9BA7 /* Pods_KadaiChallenge15.framework in Frameworks */ = {isa = PBXBuildFile; fileRef = CC666700954BEC39E95BD8EE /* Pods_KadaiChallenge15.framework */; };
/* End PBXBuildFile section */

/* Begin PBXFileReference section */
		75CB2F6CDAAC617531B0CAD7 /* Pods-KadaiChallenge15.release.xcconfig */ = {isa = PBXFileReference; includeInIndex = 1; lastKnownFileType = text.xcconfig; name = "Pods-KadaiChallenge15.release.xcconfig"; path = "Target Support Files/Pods-KadaiChallenge15/Pods-KadaiChallenge15.release.xcconfig"; sourceTree = "<group>"; };
		CC666700954BEC39E95BD8EE /* Pods_KadaiChallenge15.framework */ = {isa = PBXFileReference; explicitFileType = wrapper.framework; includeInIndex = 0; path = Pods_KadaiChallenge15.framework; sourceTree = BUILT_PRODUCTS_DIR; };
		D35CD8622838D8800099C858 /* KadaiChallenge15.app */ = {isa = PBXFileReference; explicitFileType = wrapper.application; includeInIndex = 0; path = KadaiChallenge15.app; sourceTree = BUILT_PRODUCTS_DIR; };
		D35CD8652838D8800099C858 /* AppDelegate.swift */ = {isa = PBXFileReference; lastKnownFileType = sourcecode.swift; path = AppDelegate.swift; sourceTree = "<group>"; };
		D35CD8672838D8800099C858 /* SceneDelegate.swift */ = {isa = PBXFileReference; lastKnownFileType = sourcecode.swift; path = SceneDelegate.swift; sourceTree = "<group>"; };
		D35CD8692838D8800099C858 /* ViewController.swift */ = {isa = PBXFileReference; lastKnownFileType = sourcecode.swift; path = ViewController.swift; sourceTree = "<group>"; };
		D35CD86C2838D8800099C858 /* Base */ = {isa = PBXFileReference; lastKnownFileType = file.storyboard; name = Base; path = Base.lproj/Main.storyboard; sourceTree = "<group>"; };
		D35CD86E2838D8830099C858 /* Assets.xcassets */ = {isa = PBXFileReference; lastKnownFileType = folder.assetcatalog; path = Assets.xcassets; sourceTree = "<group>"; };
		D35CD8712838D8830099C858 /* Base */ = {isa = PBXFileReference; lastKnownFileType = file.storyboard; name = Base; path = Base.lproj/LaunchScreen.storyboard; sourceTree = "<group>"; };
		D35CD8732838D8830099C858 /* Info.plist */ = {isa = PBXFileReference; lastKnownFileType = text.plist.xml; path = Info.plist; sourceTree = "<group>"; };
		ED92E8987BF11403FCC3A629 /* Pods-KadaiChallenge15.debug.xcconfig */ = {isa = PBXFileReference; includeInIndex = 1; lastKnownFileType = text.xcconfig; name = "Pods-KadaiChallenge15.debug.xcconfig"; path = "Target Support Files/Pods-KadaiChallenge15/Pods-KadaiChallenge15.debug.xcconfig"; sourceTree = "<group>"; };
/* End PBXFileReference section */

/* Begin PBXFrameworksBuildPhase section */
		D35CD85F2838D8800099C858 /* Frameworks */ = {
			isa = PBXFrameworksBuildPhase;
			buildActionMask = 2147483647;
			files = (
				F38F0EFA1F75C4B5B72F9BA7 /* Pods_KadaiChallenge15.framework in Frameworks */,
			);
			runOnlyForDeploymentPostprocessing = 0;
		};
/* End PBXFrameworksBuildPhase section */

/* Begin PBXGroup section */
		56BDC0579FED432CC5216511 /* Frameworks */ = {
			isa = PBXGroup;
			children = (
				CC666700954BEC39E95BD8EE /* Pods_KadaiChallenge15.framework */,
			);
			name = Frameworks;
			sourceTree = "<group>";
		};
		895DD0268D4D2C9B0EDCB6A1 /* Pods */ = {
			isa = PBXGroup;
			children = (
				ED92E8987BF11403FCC3A629 /* Pods-KadaiChallenge15.debug.xcconfig */,
				75CB2F6CDAAC617531B0CAD7 /* Pods-KadaiChallenge15.release.xcconfig */,
			);
			name = Pods;
			path = Pods;
			sourceTree = "<group>";
		};
		D35CD8592838D8800099C858 = {
			isa = PBXGroup;
			children = (
				D35CD8642838D8800099C858 /* KadaiChallenge15 */,
				D35CD8632838D8800099C858 /* Products */,
				895DD0268D4D2C9B0EDCB6A1 /* Pods */,
				56BDC0579FED432CC5216511 /* Frameworks */,
			);
			sourceTree = "<group>";
		};
		D35CD8632838D8800099C858 /* Products */ = {
			isa = PBXGroup;
			children = (
				D35CD8622838D8800099C858 /* KadaiChallenge15.app */,
			);
			name = Products;
			sourceTree = "<group>";
		};
		D35CD8642838D8800099C858 /* KadaiChallenge15 */ = {
			isa = PBXGroup;
			children = (
				D35CD8652838D8800099C858 /* AppDelegate.swift */,
				D35CD8672838D8800099C858 /* SceneDelegate.swift */,
				D35CD8692838D8800099C858 /* ViewController.swift */,
				D35CD86B2838D8800099C858 /* Main.storyboard */,
				D35CD86E2838D8830099C858 /* Assets.xcassets */,
				D35CD8702838D8830099C858 /* LaunchScreen.storyboard */,
				D35CD8732838D8830099C858 /* Info.plist */,
			);
			path = KadaiChallenge15;
			sourceTree = "<group>";
		};
/* End PBXGroup section */

/* Begin PBXNativeTarget section */
		D35CD8612838D8800099C858 /* KadaiChallenge15 */ = {
			isa = PBXNativeTarget;
			buildConfigurationList = D35CD8762838D8830099C858 /* Build configuration list for PBXNativeTarget "KadaiChallenge15" */;
			buildPhases = (
				36A0A7924308DBF5C6021FF0 /* [CP] Check Pods Manifest.lock */,
				D35CD85E2838D8800099C858 /* Sources */,
				D35CD85F2838D8800099C858 /* Frameworks */,
				D35CD8602838D8800099C858 /* Resources */,
			);
			buildRules = (
			);
			dependencies = (
			);
			name = KadaiChallenge15;
			productName = KadaiChallenge15;
			productReference = D35CD8622838D8800099C858 /* KadaiChallenge15.app */;
			productType = "com.apple.product-type.application";
		};
/* End PBXNativeTarget section */

/* Begin PBXProject section */
		D35CD85A2838D8800099C858 /* Project object */ = {
			isa = PBXProject;
			attributes = {
				BuildIndependentTargetsInParallel = 1;
				LastSwiftUpdateCheck = 1340;
				LastUpgradeCheck = 1340;
				TargetAttributes = {
					D35CD8612838D8800099C858 = {
						CreatedOnToolsVersion = 13.4;
					};
				};
			};
			buildConfigurationList = D35CD85D2838D8800099C858 /* Build configuration list for PBXProject "KadaiChallenge15" */;
			compatibilityVersion = "Xcode 13.0";
			developmentRegion = en;
			hasScannedForEncodings = 0;
			knownRegions = (
				en,
				Base,
			);
			mainGroup = D35CD8592838D8800099C858;
			productRefGroup = D35CD8632838D8800099C858 /* Products */;
			projectDirPath = "";
			projectRoot = "";
			targets = (
				D35CD8612838D8800099C858 /* KadaiChallenge15 */,
			);
		};
/* End PBXProject section */

/* Begin PBXResourcesBuildPhase section */
		D35CD8602838D8800099C858 /* Resources */ = {
			isa = PBXResourcesBuildPhase;
			buildActionMask = 2147483647;
			files = (
				D35CD8722838D8830099C858 /* LaunchScreen.storyboard in Resources */,
				D35CD86F2838D8830099C858 /* Assets.xcassets in Resources */,
				D35CD86D2838D8800099C858 /* Main.storyboard in Resources */,
			);
			runOnlyForDeploymentPostprocessing = 0;
		};
/* End PBXResourcesBuildPhase section */

/* Begin PBXShellScriptBuildPhase section */
		36A0A7924308DBF5C6021FF0 /* [CP] Check Pods Manifest.lock */ = {
			isa = PBXShellScriptBuildPhase;
			buildActionMask = 2147483647;
			files = (
			);
			inputFileListPaths = (
			);
			inputPaths = (
				"${PODS_PODFILE_DIR_PATH}/Podfile.lock",
				"${PODS_ROOT}/Manifest.lock",
			);
			name = "[CP] Check Pods Manifest.lock";
			outputFileListPaths = (
			);
			outputPaths = (
				"$(DERIVED_FILE_DIR)/Pods-KadaiChallenge15-checkManifestLockResult.txt",
			);
			runOnlyForDeploymentPostprocessing = 0;
			shellPath = /bin/sh;
			shellScript = "diff \"${PODS_PODFILE_DIR_PATH}/Podfile.lock\" \"${PODS_ROOT}/Manifest.lock\" > /dev/null\nif [ $? != 0 ] ; then\n    # print error to STDERR\n    echo \"error: The sandbox is not in sync with the Podfile.lock. Run 'pod install' or update your CocoaPods installation.\" >&2\n    exit 1\nfi\n# This output is used by Xcode 'outputs' to avoid re-running this script phase.\necho \"SUCCESS\" > \"${SCRIPT_OUTPUT_FILE_0}\"\n";
			showEnvVarsInLog = 0;
		};
/* End PBXShellScriptBuildPhase section */

/* Begin PBXSourcesBuildPhase section */
		D35CD85E2838D8800099C858 /* Sources */ = {
			isa = PBXSourcesBuildPhase;
			buildActionMask = 2147483647;
			files = (
				D35CD86A2838D8800099C858 /* ViewController.swift in Sources */,
				D35CD8662838D8800099C858 /* AppDelegate.swift in Sources */,
				D35CD8682838D8800099C858 /* SceneDelegate.swift in Sources */,
			);
			runOnlyForDeploymentPostprocessing = 0;
		};
/* End PBXSourcesBuildPhase section */

/* Begin PBXVariantGroup section */
		D35CD86B2838D8800099C858 /* Main.storyboard */ = {
			isa = PBXVariantGroup;
			children = (
				D35CD86C2838D8800099C858 /* Base */,
			);
			name = Main.storyboard;
			sourceTree = "<group>";
		};
		D35CD8702838D8830099C858 /* LaunchScreen.storyboard */ = {
			isa = PBXVariantGroup;
			children = (
				D35CD8712838D8830099C858 /* Base */,
			);
			name = LaunchScreen.storyboard;
			sourceTree = "<group>";
		};
/* End PBXVariantGroup section */

/* Begin XCBuildConfiguration section */
		D35CD8742838D8830099C858 /* Debug */ = {
			isa = XCBuildConfiguration;
			buildSettings = {
				ALWAYS_SEARCH_USER_PATHS = NO;
				CLANG_ANALYZER_NONNULL = YES;
				CLANG_ANALYZER_NUMBER_OBJECT_CONVERSION = YES_AGGRESSIVE;
				CLANG_CXX_LANGUAGE_STANDARD = "gnu++17";
				CLANG_ENABLE_MODULES = YES;
				CLANG_ENABLE_OBJC_ARC = YES;
				CLANG_ENABLE_OBJC_WEAK = YES;
				CLANG_WARN_BLOCK_CAPTURE_AUTORELEASING = YES;
				CLANG_WARN_BOOL_CONVERSION = YES;
				CLANG_WARN_COMMA = YES;
				CLANG_WARN_CONSTANT_CONVERSION = YES;
				CLANG_WARN_DEPRECATED_OBJC_IMPLEMENTATIONS = YES;
				CLANG_WARN_DIRECT_OBJC_ISA_USAGE = YES_ERROR;
				CLANG_WARN_DOCUMENTATION_COMMENTS = YES;
				CLANG_WARN_EMPTY_BODY = YES;
				CLANG_WARN_ENUM_CONVERSION = YES;
				CLANG_WARN_INFINITE_RECURSION = YES;
				CLANG_WARN_INT_CONVERSION = YES;
				CLANG_WARN_NON_LITERAL_NULL_CONVERSION = YES;
				CLANG_WARN_OBJC_IMPLICIT_RETAIN_SELF = YES;
				CLANG_WARN_OBJC_LITERAL_CONVERSION = YES;
				CLANG_WARN_OBJC_ROOT_CLASS = YES_ERROR;
				CLANG_WARN_QUOTED_INCLUDE_IN_FRAMEWORK_HEADER = YES;
				CLANG_WARN_RANGE_LOOP_ANALYSIS = YES;
				CLANG_WARN_STRICT_PROTOTYPES = YES;
				CLANG_WARN_SUSPICIOUS_MOVE = YES;
				CLANG_WARN_UNGUARDED_AVAILABILITY = YES_AGGRESSIVE;
				CLANG_WARN_UNREACHABLE_CODE = YES;
				CLANG_WARN__DUPLICATE_METHOD_MATCH = YES;
				COPY_PHASE_STRIP = NO;
				DEBUG_INFORMATION_FORMAT = dwarf;
				ENABLE_STRICT_OBJC_MSGSEND = YES;
				ENABLE_TESTABILITY = YES;
				GCC_C_LANGUAGE_STANDARD = gnu11;
				GCC_DYNAMIC_NO_PIC = NO;
				GCC_NO_COMMON_BLOCKS = YES;
				GCC_OPTIMIZATION_LEVEL = 0;
				GCC_PREPROCESSOR_DEFINITIONS = (
					"DEBUG=1",
					"$(inherited)",
				);
				GCC_WARN_64_TO_32_BIT_CONVERSION = YES;
				GCC_WARN_ABOUT_RETURN_TYPE = YES_ERROR;
				GCC_WARN_UNDECLARED_SELECTOR = YES;
				GCC_WARN_UNINITIALIZED_AUTOS = YES_AGGRESSIVE;
				GCC_WARN_UNUSED_FUNCTION = YES;
				GCC_WARN_UNUSED_VARIABLE = YES;
				IPHONEOS_DEPLOYMENT_TARGET = 15.5;
				MTL_ENABLE_DEBUG_INFO = INCLUDE_SOURCE;
				MTL_FAST_MATH = YES;
				ONLY_ACTIVE_ARCH = YES;
				SDKROOT = iphoneos;
				SWIFT_ACTIVE_COMPILATION_CONDITIONS = DEBUG;
				SWIFT_OPTIMIZATION_LEVEL = "-Onone";
			};
			name = Debug;
		};
		D35CD8752838D8830099C858 /* Release */ = {
			isa = XCBuildConfiguration;
			buildSettings = {
				ALWAYS_SEARCH_USER_PATHS = NO;
				CLANG_ANALYZER_NONNULL = YES;
				CLANG_ANALYZER_NUMBER_OBJECT_CONVERSION = YES_AGGRESSIVE;
				CLANG_CXX_LANGUAGE_STANDARD = "gnu++17";
				CLANG_ENABLE_MODULES = YES;
				CLANG_ENABLE_OBJC_ARC = YES;
				CLANG_ENABLE_OBJC_WEAK = YES;
				CLANG_WARN_BLOCK_CAPTURE_AUTORELEASING = YES;
				CLANG_WARN_BOOL_CONVERSION = YES;
				CLANG_WARN_COMMA = YES;
				CLANG_WARN_CONSTANT_CONVERSION = YES;
				CLANG_WARN_DEPRECATED_OBJC_IMPLEMENTATIONS = YES;
				CLANG_WARN_DIRECT_OBJC_ISA_USAGE = YES_ERROR;
				CLANG_WARN_DOCUMENTATION_COMMENTS = YES;
				CLANG_WARN_EMPTY_BODY = YES;
				CLANG_WARN_ENUM_CONVERSION = YES;
				CLANG_WARN_INFINITE_RECURSION = YES;
				CLANG_WARN_INT_CONVERSION = YES;
				CLANG_WARN_NON_LITERAL_NULL_CONVERSION = YES;
				CLANG_WARN_OBJC_IMPLICIT_RETAIN_SELF = YES;
				CLANG_WARN_OBJC_LITERAL_CONVERSION = YES;
				CLANG_WARN_OBJC_ROOT_CLASS = YES_ERROR;
				CLANG_WARN_QUOTED_INCLUDE_IN_FRAMEWORK_HEADER = YES;
				CLANG_WARN_RANGE_LOOP_ANALYSIS = YES;
				CLANG_WARN_STRICT_PROTOTYPES = YES;
				CLANG_WARN_SUSPICIOUS_MOVE = YES;
				CLANG_WARN_UNGUARDED_AVAILABILITY = YES_AGGRESSIVE;
				CLANG_WARN_UNREACHABLE_CODE = YES;
				CLANG_WARN__DUPLICATE_METHOD_MATCH = YES;
				COPY_PHASE_STRIP = NO;
				DEBUG_INFORMATION_FORMAT = "dwarf-with-dsym";
				ENABLE_NS_ASSERTIONS = NO;
				ENABLE_STRICT_OBJC_MSGSEND = YES;
				GCC_C_LANGUAGE_STANDARD = gnu11;
				GCC_NO_COMMON_BLOCKS = YES;
				GCC_WARN_64_TO_32_BIT_CONVERSION = YES;
				GCC_WARN_ABOUT_RETURN_TYPE = YES_ERROR;
				GCC_WARN_UNDECLARED_SELECTOR = YES;
				GCC_WARN_UNINITIALIZED_AUTOS = YES_AGGRESSIVE;
				GCC_WARN_UNUSED_FUNCTION = YES;
				GCC_WARN_UNUSED_VARIABLE = YES;
				IPHONEOS_DEPLOYMENT_TARGET = 15.5;
				MTL_ENABLE_DEBUG_INFO = NO;
				MTL_FAST_MATH = YES;
				SDKROOT = iphoneos;
				SWIFT_COMPILATION_MODE = wholemodule;
				SWIFT_OPTIMIZATION_LEVEL = "-O";
				VALIDATE_PRODUCT = YES;
			};
			name = Release;
		};
		D35CD8772838D8830099C858 /* Debug */ = {
			isa = XCBuildConfiguration;
			baseConfigurationReference = ED92E8987BF11403FCC3A629 /* Pods-KadaiChallenge15.debug.xcconfig */;
			buildSettings = {
				ASSETCATALOG_COMPILER_APPICON_NAME = AppIcon;
				ASSETCATALOG_COMPILER_GLOBAL_ACCENT_COLOR_NAME = AccentColor;
				CODE_SIGN_STYLE = Automatic;
				CURRENT_PROJECT_VERSION = 1;
				GENERATE_INFOPLIST_FILE = YES;
				INFOPLIST_FILE = KadaiChallenge15/Info.plist;
				INFOPLIST_KEY_UIApplicationSupportsIndirectInputEvents = YES;
				INFOPLIST_KEY_UILaunchStoryboardName = LaunchScreen;
				INFOPLIST_KEY_UIMainStoryboardFile = Main;
				INFOPLIST_KEY_UISupportedInterfaceOrientations_iPad = "UIInterfaceOrientationPortrait UIInterfaceOrientationPortraitUpsideDown UIInterfaceOrientationLandscapeLeft UIInterfaceOrientationLandscapeRight";
				INFOPLIST_KEY_UISupportedInterfaceOrientations_iPhone = "UIInterfaceOrientationPortrait UIInterfaceOrientationLandscapeLeft UIInterfaceOrientationLandscapeRight";
				LD_RUNPATH_SEARCH_PATHS = (
					"$(inherited)",
					"@executable_path/Frameworks",
				);
				MARKETING_VERSION = 1.0;
				PRODUCT_BUNDLE_IDENTIFIER = "Swift-Beginners.KadaiChallenge15";
				PRODUCT_NAME = "$(TARGET_NAME)";
				SWIFT_EMIT_LOC_STRINGS = YES;
				SWIFT_VERSION = 5.0;
				TARGETED_DEVICE_FAMILY = "1,2";
			};
			name = Debug;
		};
		D35CD8782838D8830099C858 /* Release */ = {
			isa = XCBuildConfiguration;
			baseConfigurationReference = 75CB2F6CDAAC617531B0CAD7 /* Pods-KadaiChallenge15.release.xcconfig */;
			buildSettings = {
				ASSETCATALOG_COMPILER_APPICON_NAME = AppIcon;
				ASSETCATALOG_COMPILER_GLOBAL_ACCENT_COLOR_NAME = AccentColor;
				CODE_SIGN_STYLE = Automatic;
				CURRENT_PROJECT_VERSION = 1;
				GENERATE_INFOPLIST_FILE = YES;
				INFOPLIST_FILE = KadaiChallenge15/Info.plist;
				INFOPLIST_KEY_UIApplicationSupportsIndirectInputEvents = YES;
				INFOPLIST_KEY_UILaunchStoryboardName = LaunchScreen;
				INFOPLIST_KEY_UIMainStoryboardFile = Main;
				INFOPLIST_KEY_UISupportedInterfaceOrientations_iPad = "UIInterfaceOrientationPortrait UIInterfaceOrientationPortraitUpsideDown UIInterfaceOrientationLandscapeLeft UIInterfaceOrientationLandscapeRight";
				INFOPLIST_KEY_UISupportedInterfaceOrientations_iPhone = "UIInterfaceOrientationPortrait UIInterfaceOrientationLandscapeLeft UIInterfaceOrientationLandscapeRight";
				LD_RUNPATH_SEARCH_PATHS = (
					"$(inherited)",
					"@executable_path/Frameworks",
				);
				MARKETING_VERSION = 1.0;
				PRODUCT_BUNDLE_IDENTIFIER = "Swift-Beginners.KadaiChallenge15";
				PRODUCT_NAME = "$(TARGET_NAME)";
				SWIFT_EMIT_LOC_STRINGS = YES;
				SWIFT_VERSION = 5.0;
				TARGETED_DEVICE_FAMILY = "1,2";
			};
			name = Release;
		};
/* End XCBuildConfiguration section */

/* Begin XCConfigurationList section */
		D35CD85D2838D8800099C858 /* Build configuration list for PBXProject "KadaiChallenge15" */ = {
			isa = XCConfigurationList;
			buildConfigurations = (
				D35CD8742838D8830099C858 /* Debug */,
				D35CD8752838D8830099C858 /* Release */,
			);
			defaultConfigurationIsVisible = 0;
			defaultConfigurationName = Release;
		};
		D35CD8762838D8830099C858 /* Build configuration list for PBXNativeTarget "KadaiChallenge15" */ = {
			isa = XCConfigurationList;
			buildConfigurations = (
				D35CD8772838D8830099C858 /* Debug */,
				D35CD8782838D8830099C858 /* Release */,
			);
			defaultConfigurationIsVisible = 0;
			defaultConfigurationName = Release;
		};
/* End XCConfigurationList section */
	};
	rootObject = D35CD85A2838D8800099C858 /* Project object */;
}
